
Microsoft Visual Studio Solution File, Format Version 12.00
# Visual Studio Version 17
VisualStudioVersion = 17.11.35222.181
MinimumVisualStudioVersion = 10.0.40219.1
Project("{9A19103F-16F7-4668-BE54-9A1E7A4F7556}") = "DependencyAnalyzer", "DependencyAnalyzer\DependencyAnalyzer.csproj", "{29F680E7-39D4-44F4-9CEF-12E3151CACEB}"
EndProject
Project("{9A19103F-16F7-4668-BE54-9A1E7A4F7556}") = "MVCWebView", "MVCWebView\MVCWebView.csproj", "{A25A350E-8084-49DA-A396-39490A4CCF51}"
EndProject
Project("{FAE04EC0-301F-11D3-BF4B-00C04F79EFBC}") = "RandomCodeAnalysis", "RandomCodeAnalysis\RandomCodeAnalysis.csproj", "{8F095351-1E5A-448F-8E56-48B1C5EE56A2}"
EndProject
Global
	GlobalSection(SolutionConfigurationPlatforms) = preSolution
		Debug|Any CPU = Debug|Any CPU
		Release|Any CPU = Release|Any CPU
	EndGlobalSection
	GlobalSection(ProjectConfigurationPlatforms) = postSolution
		{29F680E7-39D4-44F4-9CEF-12E3151CACEB}.Debug|Any CPU.ActiveCfg = Debug|Any CPU
		{29F680E7-39D4-44F4-9CEF-12E3151CACEB}.Debug|Any CPU.Build.0 = Debug|Any CPU
		{29F680E7-39D4-44F4-9CEF-12E3151CACEB}.Release|Any CPU.ActiveCfg = Release|Any CPU
		{29F680E7-39D4-44F4-9CEF-12E3151CACEB}.Release|Any CPU.Build.0 = Release|Any CPU
		{A25A350E-8084-49DA-A396-39490A4CCF51}.Debug|Any CPU.ActiveCfg = Debug|Any CPU
		{A25A350E-8084-49DA-A396-39490A4CCF51}.Debug|Any CPU.Build.0 = Debug|Any CPU
		{A25A350E-8084-49DA-A396-39490A4CCF51}.Release|Any CPU.ActiveCfg = Release|Any CPU
		{A25A350E-8084-49DA-A396-39490A4CCF51}.Release|Any CPU.Build.0 = Release|Any CPU
		{8F095351-1E5A-448F-8E56-48B1C5EE56A2}.Debug|Any CPU.ActiveCfg = Debug|Any CPU
		{8F095351-1E5A-448F-8E56-48B1C5EE56A2}.Debug|Any CPU.Build.0 = Debug|Any CPU
		{8F095351-1E5A-448F-8E56-48B1C5EE56A2}.Release|Any CPU.ActiveCfg = Release|Any CPU
		{8F095351-1E5A-448F-8E56-48B1C5EE56A2}.Release|Any CPU.Build.0 = Release|Any CPU
	EndGlobalSection
	GlobalSection(SolutionProperties) = preSolution
		HideSolutionNode = FALSE
	EndGlobalSection
	GlobalSection(ExtensibilityGlobals) = postSolution
		SolutionGuid = {F6015452-8815-4133-85B8-2D72D82C20FD}
	EndGlobalSection
EndGlobal
